<?xml version="1.0" encoding="utf-8"?>
<Project ToolsVersion="4.0" xmlns="http://schemas.microsoft.com/developer/msbuild/2003">
  <ItemGroup>
    <Filter Include="include">
      <UniqueIdentifier>{cdf14b50-69ad-4a85-a2aa-a90805305cd7}</UniqueIdentifier>
    </Filter>
    <Filter Include="include\leechcore">
      <UniqueIdentifier>{bb6ede5a-932c-445b-a5e6-da3b79ed9b02}</UniqueIdentifier>
    </Filter>
    <Filter Include="include\vmm">
      <UniqueIdentifier>{f4799916-a360-4b2b-9914-6b4c94c4c272}</UniqueIdentifier>
    </Filter>
    <Filter Include="source">
      <UniqueIdentifier>{1c5c0877-8518-445f-8891-ecc6aec9a305}</UniqueIdentifier>
    </Filter>
  </ItemGroup>
  <ItemGroup>
    <ClInclude Include="include\leechcore\leechcore.h">
      <Filter>include\leechcore</Filter>
    </ClInclude>
    <ClInclude Include="include\vmm\vmmdll.h">
      <Filter>include\vmm</Filter>
    </ClInclude>
    <ClInclude Include="source\dma.hh">
      <Filter>source</Filter>
    </ClInclude>
    <ClInclude Include="source\inputstate.hh">
      <Filter>source</Filter>
    </ClInclude>
    <ClInclude Include="source\process.hh">
      <Filter>source</Filter>
    </ClInclude>
  </ItemGroup>
  <ItemGroup>
    <Library Include="include\vmm\vmm.lib">
      <Filter>include\vmm</Filter>
    </Library>
    <Library Include="include\leechcore\leechcore.lib">
      <Filter>include\leechcore</Filter>
    </Library>
  </ItemGroup>
  <ItemGroup>
    <ClCompile Include="source\dma.cpp">
      <Filter>source</Filter>
    </ClCompile>
    <ClCompile Include="source\inputstate.cpp">
      <Filter>source</Filter>
    </ClCompile>
    <ClCompile Include="source\process.cpp">
      <Filter>source</Filter>
    </ClCompile>
  </ItemGroup>
</Project>